// !$*UTF8*$!
{
	archiveVersion = 1;
	classes = {
	};
	objectVersion = 56;
	objects = {

/* Begin PBXBuildFile section */
		FA8FE29C2A5A481C005824D6 /* CatalogerApp.swift in Sources */ = {isa = PBXBuildFile; fileRef = FA8FE29B2A5A481C005824D6 /* CatalogerApp.swift */; };
		FA8FE29E2A5A481C005824D6 /* ContentView.swift in Sources */ = {isa = PBXBuildFile; fileRef = FA8FE29D2A5A481C005824D6 /* ContentView.swift */; };
		FA8FE2A02A5A481F005824D6 /* Assets.xcassets in Resources */ = {isa = PBXBuildFile; fileRef = FA8FE29F2A5A481F005824D6 /* Assets.xcassets */; };
		FA8FE2A32A5A481F005824D6 /* Preview Assets.xcassets in Resources */ = {isa = PBXBuildFile; fileRef = FA8FE2A22A5A481F005824D6 /* Preview Assets.xcassets */; };
		FA8FE2A52A5A481F005824D6 /* Persistence.swift in Sources */ = {isa = PBXBuildFile; fileRef = FA8FE2A42A5A481F005824D6 /* Persistence.swift */; };
		FA8FE2A82A5A481F005824D6 /* Cataloger.xcdatamodeld in Sources */ = {isa = PBXBuildFile; fileRef = FA8FE2A62A5A481F005824D6 /* Cataloger.xcdatamodeld */; };
		FA8FE2B32A5A4820005824D6 /* CatalogerTests.swift in Sources */ = {isa = PBXBuildFile; fileRef = FA8FE2B22A5A4820005824D6 /* CatalogerTests.swift */; };
		FA8FE2BD2A5A4820005824D6 /* CatalogerUITests.swift in Sources */ = {isa = PBXBuildFile; fileRef = FA8FE2BC2A5A4820005824D6 /* CatalogerUITests.swift */; };
		FA8FE2BF2A5A4820005824D6 /* CatalogerUITestsLaunchTests.swift in Sources */ = {isa = PBXBuildFile; fileRef = FA8FE2BE2A5A4820005824D6 /* CatalogerUITestsLaunchTests.swift */; };
		FA8FE2CC2A5A493F005824D6 /* Album.swift in Sources */ = {isa = PBXBuildFile; fileRef = FA8FE2CB2A5A493F005824D6 /* Album.swift */; };
		FA8FE2CE2A5A498D005824D6 /* Record.swift in Sources */ = {isa = PBXBuildFile; fileRef = FA8FE2CD2A5A498D005824D6 /* Record.swift */; };
		FA8FE2D02A5A53A8005824D6 /* Store.swift in Sources */ = {isa = PBXBuildFile; fileRef = FA8FE2CF2A5A53A8005824D6 /* Store.swift */; };
		FA8FE2D22A5C4D5C005824D6 /* Track.swift in Sources */ = {isa = PBXBuildFile; fileRef = FA8FE2D12A5C4D5C005824D6 /* Track.swift */; };
		FA8FE2D42A5C6173005824D6 /* User.swift in Sources */ = {isa = PBXBuildFile; fileRef = FA8FE2D32A5C6173005824D6 /* User.swift */; };
		FA8FE2D62A5C627B005824D6 /* Trip.swift in Sources */ = {isa = PBXBuildFile; fileRef = FA8FE2D52A5C627B005824D6 /* Trip.swift */; };
		FA8FE2D82A60541E005824D6 /* UniqueTracks.swift in Sources */ = {isa = PBXBuildFile; fileRef = FA8FE2D72A60541E005824D6 /* UniqueTracks.swift */; };
		FA8FE2DA2A605B33005824D6 /* Catalog.swift in Sources */ = {isa = PBXBuildFile; fileRef = FA8FE2D92A605B33005824D6 /* Catalog.swift */; };
		FA9A43ED2A8AB50000F56182 /* CatalogerModel.swift in Sources */ = {isa = PBXBuildFile; fileRef = FA9A43EC2A8AB50000F56182 /* CatalogerModel.swift */; };
		FA9A43EF2A8BE50E00F56182 /* Statistics.swift in Sources */ = {isa = PBXBuildFile; fileRef = FA9A43EE2A8BE50E00F56182 /* Statistics.swift */; };
		FA9A43F12A8C1E2B00F56182 /* TripView.swift in Sources */ = {isa = PBXBuildFile; fileRef = FA9A43F02A8C1E2B00F56182 /* TripView.swift */; };
		FAAF2E0F2A99BE8600673C90 /* AddStoreAlbumView.swift in Sources */ = {isa = PBXBuildFile; fileRef = FAAF2E0E2A99BE8600673C90 /* AddStoreAlbumView.swift */; };
		FABB05FA2A9542A50048D0E8 /* AddRecordTrackView.swift in Sources */ = {isa = PBXBuildFile; fileRef = FABB05F92A9542A50048D0E8 /* AddRecordTrackView.swift */; };
		FABCDBCB2A8D239800E8A974 /* NewStoreView.swift in Sources */ = {isa = PBXBuildFile; fileRef = FABCDBCA2A8D239800E8A974 /* NewStoreView.swift */; };
		FABCDBCD2A8D424600E8A974 /* EditStopAlbumsView.swift in Sources */ = {isa = PBXBuildFile; fileRef = FABCDBCC2A8D424600E8A974 /* EditStopAlbumsView.swift */; };
		FAF40ED32A8C9195001C4F4C /* StopCreateView.swift in Sources */ = {isa = PBXBuildFile; fileRef = FAF40ED22A8C9195001C4F4C /* StopCreateView.swift */; };
/* End PBXBuildFile section */

/* Begin PBXContainerItemProxy section */
		FA8FE2AF2A5A4820005824D6 /* PBXContainerItemProxy */ = {
			isa = PBXContainerItemProxy;
			containerPortal = FA8FE2902A5A481C005824D6 /* Project object */;
			proxyType = 1;
			remoteGlobalIDString = FA8FE2972A5A481C005824D6;
			remoteInfo = Cataloger;
		};
		FA8FE2B92A5A4820005824D6 /* PBXContainerItemProxy */ = {
			isa = PBXContainerItemProxy;
			containerPortal = FA8FE2902A5A481C005824D6 /* Project object */;
			proxyType = 1;
			remoteGlobalIDString = FA8FE2972A5A481C005824D6;
			remoteInfo = Cataloger;
		};
/* End PBXContainerItemProxy section */

/* Begin PBXFileReference section */
		FA8FE2982A5A481C005824D6 /* Cataloger.app */ = {isa = PBXFileReference; explicitFileType = wrapper.application; includeInIndex = 0; path = Cataloger.app; sourceTree = BUILT_PRODUCTS_DIR; };
		FA8FE29B2A5A481C005824D6 /* CatalogerApp.swift */ = {isa = PBXFileReference; lastKnownFileType = sourcecode.swift; path = CatalogerApp.swift; sourceTree = "<group>"; };
		FA8FE29D2A5A481C005824D6 /* ContentView.swift */ = {isa = PBXFileReference; lastKnownFileType = sourcecode.swift; path = ContentView.swift; sourceTree = "<group>"; };
		FA8FE29F2A5A481F005824D6 /* Assets.xcassets */ = {isa = PBXFileReference; lastKnownFileType = folder.assetcatalog; path = Assets.xcassets; sourceTree = "<group>"; };
		FA8FE2A22A5A481F005824D6 /* Preview Assets.xcassets */ = {isa = PBXFileReference; lastKnownFileType = folder.assetcatalog; path = "Preview Assets.xcassets"; sourceTree = "<group>"; };
		FA8FE2A42A5A481F005824D6 /* Persistence.swift */ = {isa = PBXFileReference; lastKnownFileType = sourcecode.swift; path = Persistence.swift; sourceTree = "<group>"; };
		FA8FE2A72A5A481F005824D6 /* Cataloger.xcdatamodel */ = {isa = PBXFileReference; lastKnownFileType = wrapper.xcdatamodel; path = Cataloger.xcdatamodel; sourceTree = "<group>"; };
		FA8FE2A92A5A481F005824D6 /* Cataloger.xcdatamodel */ = {isa = PBXFileReference; lastKnownFileType = wrapper.xcdatamodel; name = Cataloger.xcdatamodel; path = Cataloger.xcdatamodeld/Cataloger.xcdatamodel; sourceTree = "<group>"; };
		FA8FE2AE2A5A4820005824D6 /* CatalogerTests.xctest */ = {isa = PBXFileReference; explicitFileType = wrapper.cfbundle; includeInIndex = 0; path = CatalogerTests.xctest; sourceTree = BUILT_PRODUCTS_DIR; };
		FA8FE2B22A5A4820005824D6 /* CatalogerTests.swift */ = {isa = PBXFileReference; lastKnownFileType = sourcecode.swift; path = CatalogerTests.swift; sourceTree = "<group>"; };
		FA8FE2B82A5A4820005824D6 /* CatalogerUCatalogerTests.xctest */ = {isa = PBXFileReference; explicitFileType = wrapper.cfbundle; includeInIndex = 0; path = CatalogerUCatalogerTests.xctest; sourceTree = BUILT_PRODUCTS_DIR; };
		FA8FE2BC2A5A4820005824D6 /* CatalogerUITests.swift */ = {isa = PBXFileReference; lastKnownFileType = sourcecode.swift; path = CatalogerUITests.swift; sourceTree = "<group>"; };
		FA8FE2BE2A5A4820005824D6 /* CatalogerUITestsLaunchTests.swift */ = {isa = PBXFileReference; lastKnownFileType = sourcecode.swift; path = CatalogerUITestsLaunchTests.swift; sourceTree = "<group>"; };
		FA8FE2CB2A5A493F005824D6 /* Album.swift */ = {isa = PBXFileReference; lastKnownFileType = sourcecode.swift; path = Album.swift; sourceTree = "<group>"; };
		FA8FE2CD2A5A498D005824D6 /* Record.swift */ = {isa = PBXFileReference; lastKnownFileType = sourcecode.swift; path = Record.swift; sourceTree = "<group>"; };
		FA8FE2CF2A5A53A8005824D6 /* Store.swift */ = {isa = PBXFileReference; lastKnownFileType = sourcecode.swift; path = Store.swift; sourceTree = "<group>"; };
		FA8FE2D12A5C4D5C005824D6 /* Track.swift */ = {isa = PBXFileReference; lastKnownFileType = sourcecode.swift; path = Track.swift; sourceTree = "<group>"; };
		FA8FE2D32A5C6173005824D6 /* User.swift */ = {isa = PBXFileReference; lastKnownFileType = sourcecode.swift; path = User.swift; sourceTree = "<group>"; };
		FA8FE2D52A5C627B005824D6 /* Trip.swift */ = {isa = PBXFileReference; lastKnownFileType = sourcecode.swift; path = Trip.swift; sourceTree = "<group>"; };
		FA8FE2D72A60541E005824D6 /* UniqueTracks.swift */ = {isa = PBXFileReference; lastKnownFileType = sourcecode.swift; path = UniqueTracks.swift; sourceTree = "<group>"; };
		FA8FE2D92A605B33005824D6 /* Catalog.swift */ = {isa = PBXFileReference; lastKnownFileType = sourcecode.swift; path = Catalog.swift; sourceTree = "<group>"; };
		FA9A43EC2A8AB50000F56182 /* CatalogerModel.swift */ = {isa = PBXFileReference; lastKnownFileType = sourcecode.swift; path = CatalogerModel.swift; sourceTree = "<group>"; };
		FA9A43EE2A8BE50E00F56182 /* Statistics.swift */ = {isa = PBXFileReference; lastKnownFileType = sourcecode.swift; path = Statistics.swift; sourceTree = "<group>"; };
		FA9A43F02A8C1E2B00F56182 /* TripView.swift */ = {isa = PBXFileReference; lastKnownFileType = sourcecode.swift; path = TripView.swift; sourceTree = "<group>"; };
		FAAF2E0E2A99BE8600673C90 /* AddStoreAlbumView.swift */ = {isa = PBXFileReference; fileEncoding = 4; lastKnownFileType = sourcecode.swift; path = AddStoreAlbumView.swift; sourceTree = "<group>"; };
		FABB05F92A9542A50048D0E8 /* AddRecordTrackView.swift */ = {isa = PBXFileReference; lastKnownFileType = sourcecode.swift; path = AddRecordTrackView.swift; sourceTree = "<group>"; };
		FABCDBCA2A8D239800E8A974 /* NewStoreView.swift */ = {isa = PBXFileReference; lastKnownFileType = sourcecode.swift; path = NewStoreView.swift; sourceTree = "<group>"; };
		FABCDBCC2A8D424600E8A974 /* EditStopAlbumsView.swift */ = {isa = PBXFileReference; lastKnownFileType = sourcecode.swift; path = EditStopAlbumsView.swift; sourceTree = "<group>"; };
		FAF40ED22A8C9195001C4F4C /* StopCreateView.swift */ = {isa = PBXFileReference; lastKnownFileType = sourcecode.swift; path = StopCreateView.swift; sourceTree = "<group>"; };
/* End PBXFileReference section */

/* Begin PBXFrameworksBuildPhase section */
		FA8FE2952A5A481C005824D6 /* Frameworks */ = {
			isa = PBXFrameworksBuildPhase;
			buildActionMask = 2147483647;
			files = (
			);
			runOnlyForDeploymentPostprocessing = 0;
		};
		FA8FE2AB2A5A4820005824D6 /* Frameworks */ = {
			isa = PBXFrameworksBuildPhase;
			buildActionMask = 2147483647;
			files = (
			);
			runOnlyForDeploymentPostprocessing = 0;
		};
		FA8FE2B52A5A4820005824D6 /* Frameworks */ = {
			isa = PBXFrameworksBuildPhase;
			buildActionMask = 2147483647;
			files = (
			);
			runOnlyForDeploymentPostprocessing = 0;
		};
/* End PBXFrameworksBuildPhase section */

/* Begin PBXGroup section */
		FA8FE28F2A5A481C005824D6 = {
			isa = PBXGroup;
			children = (
				FA8FE29A2A5A481C005824D6 /* Cataloger */,
				FA8FE2B12A5A4820005824D6 /* CatalogerTests */,
				FA8FE2BB2A5A4820005824D6 /* CatalogerUITests */,
				FA8FE2992A5A481C005824D6 /* Products */,
			);
			sourceTree = "<group>";
		};
		FA8FE2992A5A481C005824D6 /* Products */ = {
			isa = PBXGroup;
			children = (
				FA8FE2982A5A481C005824D6 /* Cataloger.app */,
				FA8FE2AE2A5A4820005824D6 /* CatalogerTests.xctest */,
				FA8FE2B82A5A4820005824D6 /* CatalogerUCatalogerTests.xctest */,
			);
			name = Products;
			sourceTree = "<group>";
		};
		FA8FE29A2A5A481C005824D6 /* Cataloger */ = {
			isa = PBXGroup;
			children = (
				FA8FE29B2A5A481C005824D6 /* CatalogerApp.swift */,
				FA8FE2CB2A5A493F005824D6 /* Album.swift */,
				FA8FE2CD2A5A498D005824D6 /* Record.swift */,
				FA8FE2D12A5C4D5C005824D6 /* Track.swift */,
				FA8FE2CF2A5A53A8005824D6 /* Store.swift */,
				FA8FE2D32A5C6173005824D6 /* User.swift */,
				FA9A43EE2A8BE50E00F56182 /* Statistics.swift */,
				FA8FE2D92A605B33005824D6 /* Catalog.swift */,
				FAAF2E0E2A99BE8600673C90 /* AddStoreAlbumView.swift */,
				FA8FE2D72A60541E005824D6 /* UniqueTracks.swift */,
				FA8FE2D52A5C627B005824D6 /* Trip.swift */,
				FA8FE29D2A5A481C005824D6 /* ContentView.swift */,
				FA9A43F02A8C1E2B00F56182 /* TripView.swift */,
				FABCDBCC2A8D424600E8A974 /* EditStopAlbumsView.swift */,
				FABB05F92A9542A50048D0E8 /* AddRecordTrackView.swift */,
				FAF40ED22A8C9195001C4F4C /* StopCreateView.swift */,
				FABCDBCA2A8D239800E8A974 /* NewStoreView.swift */,
				FA9A43EC2A8AB50000F56182 /* CatalogerModel.swift */,
				FA8FE29F2A5A481F005824D6 /* Assets.xcassets */,
				FA8FE2A42A5A481F005824D6 /* Persistence.swift */,
				FA8FE2A92A5A481F005824D6 /* Cataloger.xcdatamodel */,
				FA8FE2A62A5A481F005824D6 /* Cataloger.xcdatamodeld */,
				FA8FE2A12A5A481F005824D6 /* Preview Content */,
			);
			path = Cataloger;
			sourceTree = "<group>";
		};
		FA8FE2A12A5A481F005824D6 /* Preview Content */ = {
			isa = PBXGroup;
			children = (
				FA8FE2A22A5A481F005824D6 /* Preview Assets.xcassets */,
			);
			path = "Preview Content";
			sourceTree = "<group>";
		};
		FA8FE2B12A5A4820005824D6 /* CatalogerTests */ = {
			isa = PBXGroup;
			children = (
				FA8FE2B22A5A4820005824D6 /* CatalogerTests.swift */,
			);
			path = CatalogerTests;
			sourceTree = "<group>";
		};
		FA8FE2BB2A5A4820005824D6 /* CatalogerUITests */ = {
			isa = PBXGroup;
			children = (
				FA8FE2BC2A5A4820005824D6 /* CatalogerUITests.swift */,
				FA8FE2BE2A5A4820005824D6 /* CatalogerUITestsLaunchTests.swift */,
			);
			path = CatalogerUITests;
			sourceTree = "<group>";
		};
/* End PBXGroup section */

/* Begin PBXNativeTarget section */
		FA8FE2972A5A481C005824D6 /* Cataloger */ = {
			isa = PBXNativeTarget;
			buildConfigurationList = FA8FE2C22A5A4820005824D6 /* Build configuration list for PBXNativeTarget "Cataloger" */;
			buildPhases = (
				FA8FE2942A5A481C005824D6 /* Sources */,
				FA8FE2952A5A481C005824D6 /* Frameworks */,
				FA8FE2962A5A481C005824D6 /* Resources */,
			);
			buildRules = (
			);
			dependencies = (
			);
			name = Cataloger;
			productName = Cataloger;
			productReference = FA8FE2982A5A481C005824D6 /* Cataloger.app */;
			productType = "com.apple.product-type.application";
		};
		FA8FE2AD2A5A4820005824D6 /* CatalogerTests */ = {
			isa = PBXNativeTarget;
			buildConfigurationList = FA8FE2C52A5A4820005824D6 /* Build configuration list for PBXNativeTarget "CatalogerTests" */;
			buildPhases = (
				FA8FE2AA2A5A4820005824D6 /* Sources */,
				FA8FE2AB2A5A4820005824D6 /* Frameworks */,
				FA8FE2AC2A5A4820005824D6 /* Resources */,
			);
			buildRules = (
			);
			dependencies = (
				FA8FE2B02A5A4820005824D6 /* PBXTargetDependency */,
			);
			name = CatalogerTests;
			productName = CatalogerTests;
			productReference = FA8FE2AE2A5A4820005824D6 /* CatalogerTests.xctest */;
			productType = "com.apple.product-type.bundle.unit-test";
		};
		FA8FE2B72A5A4820005824D6 /* CatalogerUCatalogerTests */ = {
			isa = PBXNativeTarget;
			buildConfigurationList = FA8FE2C82A5A4820005824D6 /* Build configuration list for PBXNativeTarget "CatalogerUCatalogerTests" */;
			buildPhases = (
				FA8FE2B42A5A4820005824D6 /* Sources */,
				FA8FE2B52A5A4820005824D6 /* Frameworks */,
				FA8FE2B62A5A4820005824D6 /* Resources */,
			);
			buildRules = (
			);
			dependencies = (
				FA8FE2BA2A5A4820005824D6 /* PBXTargetDependency */,
			);
			name = CatalogerUCatalogerTests;
			productName = CatalogerUITests;
			productReference = FA8FE2B82A5A4820005824D6 /* CatalogerUCatalogerTests.xctest */;
			productType = "com.apple.product-type.bundle.ui-testing";
		};
/* End PBXNativeTarget section */

/* Begin PBXProject section */
		FA8FE2902A5A481C005824D6 /* Project object */ = {
			isa = PBXProject;
			attributes = {
				BuildIndependentTargetsInParallel = 1;
				LastSwiftUpdateCheck = 1420;
				LastUpgradeCheck = 1420;
				TargetAttributes = {
					FA8FE2972A5A481C005824D6 = {
						CreatedOnToolsVersion = 14.2;
					};
					FA8FE2AD2A5A4820005824D6 = {
						CreatedOnToolsVersion = 14.2;
						TestTargetID = FA8FE2972A5A481C005824D6;
					};
					FA8FE2B72A5A4820005824D6 = {
						CreatedOnToolsVersion = 14.2;
						TestTargetID = FA8FE2972A5A481C005824D6;
					};
				};
			};
			buildConfigurationList = FA8FE2932A5A481C005824D6 /* Build configuration list for PBXProject "Cataloger" */;
			compatibilityVersion = "Xcode 14.0";
			developmentRegion = en;
			hasScannedForEncodings = 0;
			knownRegions = (
				en,
				Base,
			);
			mainGroup = FA8FE28F2A5A481C005824D6;
			productRefGroup = FA8FE2992A5A481C005824D6 /* Products */;
			projectDirPath = "";
			projectRoot = "";
			targets = (
				FA8FE2972A5A481C005824D6 /* Cataloger */,
				FA8FE2AD2A5A4820005824D6 /* CatalogerTests */,
				FA8FE2B72A5A4820005824D6 /* CatalogerUCatalogerTests */,
			);
		};
/* End PBXProject section */

/* Begin PBXResourcesBuildPhase section */
		FA8FE2962A5A481C005824D6 /* Resources */ = {
			isa = PBXResourcesBuildPhase;
			buildActionMask = 2147483647;
			files = (
				FA8FE2A32A5A481F005824D6 /* Preview Assets.xcassets in Resources */,
				FA8FE2A02A5A481F005824D6 /* Assets.xcassets in Resources */,
			);
			runOnlyForDeploymentPostprocessing = 0;
		};
		FA8FE2AC2A5A4820005824D6 /* Resources */ = {
			isa = PBXResourcesBuildPhase;
			buildActionMask = 2147483647;
			files = (
			);
			runOnlyForDeploymentPostprocessing = 0;
		};
		FA8FE2B62A5A4820005824D6 /* Resources */ = {
			isa = PBXResourcesBuildPhase;
			buildActionMask = 2147483647;
			files = (
			);
			runOnlyForDeploymentPostprocessing = 0;
		};
/* End PBXResourcesBuildPhase section */

/* Begin PBXSourcesBuildPhase section */
		FA8FE2942A5A481C005824D6 /* Sources */ = {
			isa = PBXSourcesBuildPhase;
			buildActionMask = 2147483647;
			files = (
				FA9A43EF2A8BE50E00F56182 /* Statistics.swift in Sources */,
				FA8FE2D62A5C627B005824D6 /* Trip.swift in Sources */,
				FA8FE2D02A5A53A8005824D6 /* Store.swift in Sources */,
				FA9A43F12A8C1E2B00F56182 /* TripView.swift in Sources */,
				FAAF2E0F2A99BE8600673C90 /* AddStoreAlbumView.swift in Sources */,
				FA8FE2A52A5A481F005824D6 /* Persistence.swift in Sources */,
				FA8FE29E2A5A481C005824D6 /* ContentView.swift in Sources */,
				FABCDBCD2A8D424600E8A974 /* EditStopAlbumsView.swift in Sources */,
				FA8FE2D82A60541E005824D6 /* UniqueTracks.swift in Sources */,
				FA8FE2D22A5C4D5C005824D6 /* Track.swift in Sources */,
				FAF40ED32A8C9195001C4F4C /* StopCreateView.swift in Sources */,
				FA8FE2CE2A5A498D005824D6 /* Record.swift in Sources */,
				FABB05FA2A9542A50048D0E8 /* AddRecordTrackView.swift in Sources */,
				FA8FE2D42A5C6173005824D6 /* User.swift in Sources */,
				FA8FE2A82A5A481F005824D6 /* Cataloger.xcdatamodeld in Sources */,
				FABCDBCB2A8D239800E8A974 /* NewStoreView.swift in Sources */,
				FA8FE29C2A5A481C005824D6 /* CatalogerApp.swift in Sources */,
				FA9A43ED2A8AB50000F56182 /* CatalogerModel.swift in Sources */,
				FA8FE2CC2A5A493F005824D6 /* Album.swift in Sources */,
				FA8FE2DA2A605B33005824D6 /* Catalog.swift in Sources */,
			);
			runOnlyForDeploymentPostprocessing = 0;
		};
		FA8FE2AA2A5A4820005824D6 /* Sources */ = {
			isa = PBXSourcesBuildPhase;
			buildActionMask = 2147483647;
			files = (
				FA8FE2B32A5A4820005824D6 /* CatalogerTests.swift in Sources */,
			);
			runOnlyForDeploymentPostprocessing = 0;
		};
		FA8FE2B42A5A4820005824D6 /* Sources */ = {
			isa = PBXSourcesBuildPhase;
			buildActionMask = 2147483647;
			files = (
				FA8FE2BD2A5A4820005824D6 /* CatalogerUITests.swift in Sources */,
				FA8FE2BF2A5A4820005824D6 /* CatalogerUITestsLaunchTests.swift in Sources */,
			);
			runOnlyForDeploymentPostprocessing = 0;
		};
/* End PBXSourcesBuildPhase section */

/* Begin PBXTargetDependency section */
		FA8FE2B02A5A4820005824D6 /* PBXTargetDependency */ = {
			isa = PBXTargetDependency;
			target = FA8FE2972A5A481C005824D6 /* Cataloger */;
			targetProxy = FA8FE2AF2A5A4820005824D6 /* PBXContainerItemProxy */;
		};
		FA8FE2BA2A5A4820005824D6 /* PBXTargetDependency */ = {
			isa = PBXTargetDependency;
			target = FA8FE2972A5A481C005824D6 /* Cataloger */;
			targetProxy = FA8FE2B92A5A4820005824D6 /* PBXContainerItemProxy */;
		};
/* End PBXTargetDependency section */

/* Begin XCBuildConfiguration section */
		FA8FE2C02A5A4820005824D6 /* Debug */ = {
			isa = XCBuildConfiguration;
			buildSettings = {
				ALWAYS_SEARCH_USER_PATHS = NO;
				CLANG_ANALYZER_NONNULL = YES;
				CLANG_ANALYZER_NUMBER_OBJECT_CONVERSION = YES_AGGRESSIVE;
				CLANG_CXX_LANGUAGE_STANDARD = "gnu++20";
				CLANG_ENABLE_MODULES = YES;
				CLANG_ENABLE_OBJC_ARC = YES;
				CLANG_ENABLE_OBJC_WEAK = YES;
				CLANG_WARN_BLOCK_CAPTURE_AUTORELEASING = YES;
				CLANG_WARN_BOOL_CONVERSION = YES;
				CLANG_WARN_COMMA = YES;
				CLANG_WARN_CONSTANT_CONVERSION = YES;
				CLANG_WARN_DEPRECATED_OBJC_IMPLEMENTATIONS = YES;
				CLANG_WARN_DIRECT_OBJC_ISA_USAGE = YES_ERROR;
				CLANG_WARN_DOCUMENTATION_COMMENTS = YES;
				CLANG_WARN_EMPTY_BODY = YES;
				CLANG_WARN_ENUM_CONVERSION = YES;
				CLANG_WARN_INFINITE_RECURSION = YES;
				CLANG_WARN_INT_CONVERSION = YES;
				CLANG_WARN_NON_LITERAL_NULL_CONVERSION = YES;
				CLANG_WARN_OBJC_IMPLICIT_RETAIN_SELF = YES;
				CLANG_WARN_OBJC_LITERAL_CONVERSION = YES;
				CLANG_WARN_OBJC_ROOT_CLASS = YES_ERROR;
				CLANG_WARN_QUOTED_INCLUDE_IN_FRAMEWORK_HEADER = YES;
				CLANG_WARN_RANGE_LOOP_ANALYSIS = YES;
				CLANG_WARN_STRICT_PROTOTYPES = YES;
				CLANG_WARN_SUSPICIOUS_MOVE = YES;
				CLANG_WARN_UNGUARDED_AVAILABILITY = YES_AGGRESSIVE;
				CLANG_WARN_UNREACHABLE_CODE = YES;
				CLANG_WARN__DUPLICATE_METHOD_MATCH = YES;
				COPY_PHASE_STRIP = NO;
				DEBUG_INFORMATION_FORMAT = dwarf;
				ENABLE_STRICT_OBJC_MSGSEND = YES;
				ENABLE_TESTABILITY = YES;
				GCC_C_LANGUAGE_STANDARD = gnu11;
				GCC_DYNAMIC_NO_PIC = NO;
				GCC_NO_COMMON_BLOCKS = YES;
				GCC_OPTIMIZATION_LEVEL = 0;
				GCC_PREPROCESSOR_DEFINITIONS = (
					"DEBUG=1",
					"$(inherited)",
				);
				GCC_WARN_64_TO_32_BIT_CONVERSION = YES;
				GCC_WARN_ABOUT_RETURN_TYPE = YES_ERROR;
				GCC_WARN_UNDECLARED_SELECTOR = YES;
				GCC_WARN_UNINITIALIZED_AUTOS = YES_AGGRESSIVE;
				GCC_WARN_UNUSED_FUNCTION = YES;
				GCC_WARN_UNUSED_VARIABLE = YES;
				IPHONEOS_DEPLOYMENT_TARGET = 16.2;
				MTL_ENABLE_DEBUG_INFO = INCLUDE_SOURCE;
				MTL_FAST_MATH = YES;
				ONLY_ACTIVE_ARCH = YES;
				SDKROOT = iphoneos;
				SWIFT_ACTIVE_COMPILATION_CONDITIONS = DEBUG;
				SWIFT_OPTIMIZATION_LEVEL = "-Onone";
			};
			name = Debug;
		};
		FA8FE2C12A5A4820005824D6 /* Release */ = {
			isa = XCBuildConfiguration;
			buildSettings = {
				ALWAYS_SEARCH_USER_PATHS = NO;
				CLANG_ANALYZER_NONNULL = YES;
				CLANG_ANALYZER_NUMBER_OBJECT_CONVERSION = YES_AGGRESSIVE;
				CLANG_CXX_LANGUAGE_STANDARD = "gnu++20";
				CLANG_ENABLE_MODULES = YES;
				CLANG_ENABLE_OBJC_ARC = YES;
				CLANG_ENABLE_OBJC_WEAK = YES;
				CLANG_WARN_BLOCK_CAPTURE_AUTORELEASING = YES;
				CLANG_WARN_BOOL_CONVERSION = YES;
				CLANG_WARN_COMMA = YES;
				CLANG_WARN_CONSTANT_CONVERSION = YES;
				CLANG_WARN_DEPRECATED_OBJC_IMPLEMENTATIONS = YES;
				CLANG_WARN_DIRECT_OBJC_ISA_USAGE = YES_ERROR;
				CLANG_WARN_DOCUMENTATION_COMMENTS = YES;
				CLANG_WARN_EMPTY_BODY = YES;
				CLANG_WARN_ENUM_CONVERSION = YES;
				CLANG_WARN_INFINITE_RECURSION = YES;
				CLANG_WARN_INT_CONVERSION = YES;
				CLANG_WARN_NON_LITERAL_NULL_CONVERSION = YES;
				CLANG_WARN_OBJC_IMPLICIT_RETAIN_SELF = YES;
				CLANG_WARN_OBJC_LITERAL_CONVERSION = YES;
				CLANG_WARN_OBJC_ROOT_CLASS = YES_ERROR;
				CLANG_WARN_QUOTED_INCLUDE_IN_FRAMEWORK_HEADER = YES;
				CLANG_WARN_RANGE_LOOP_ANALYSIS = YES;
				CLANG_WARN_STRICT_PROTOTYPES = YES;
				CLANG_WARN_SUSPICIOUS_MOVE = YES;
				CLANG_WARN_UNGUARDED_AVAILABILITY = YES_AGGRESSIVE;
				CLANG_WARN_UNREACHABLE_CODE = YES;
				CLANG_WARN__DUPLICATE_METHOD_MATCH = YES;
				COPY_PHASE_STRIP = NO;
				DEBUG_INFORMATION_FORMAT = "dwarf-with-dsym";
				ENABLE_NS_ASSERTIONS = NO;
				ENABLE_STRICT_OBJC_MSGSEND = YES;
				GCC_C_LANGUAGE_STANDARD = gnu11;
				GCC_NO_COMMON_BLOCKS = YES;
				GCC_WARN_64_TO_32_BIT_CONVERSION = YES;
				GCC_WARN_ABOUT_RETURN_TYPE = YES_ERROR;
				GCC_WARN_UNDECLARED_SELECTOR = YES;
				GCC_WARN_UNINITIALIZED_AUTOS = YES_AGGRESSIVE;
				GCC_WARN_UNUSED_FUNCTION = YES;
				GCC_WARN_UNUSED_VARIABLE = YES;
				IPHONEOS_DEPLOYMENT_TARGET = 16.2;
				MTL_ENABLE_DEBUG_INFO = NO;
				MTL_FAST_MATH = YES;
				SDKROOT = iphoneos;
				SWIFT_COMPILATION_MODE = wholemodule;
				SWIFT_OPTIMIZATION_LEVEL = "-O";
				VALIDATE_PRODUCT = YES;
			};
			name = Release;
		};
		FA8FE2C32A5A4820005824D6 /* Debug */ = {
			isa = XCBuildConfiguration;
			buildSettings = {
				ASSETCATALOG_COMPILER_APPICON_NAME = AppIcon;
				ASSETCATALOG_COMPILER_GLOBAL_ACCENT_COLOR_NAME = AccentColor;
				CODE_SIGN_STYLE = Automatic;
				CURRENT_PROJECT_VERSION = 1;
				DEVELOPMENT_ASSET_PATHS = "\"Cataloger/Preview Content\"";
				DEVELOPMENT_TEAM = 2PAXP94GA7;
				ENABLE_PREVIEWS = YES;
				GENERATE_INFOPLIST_FILE = YES;
				INFOPLIST_KEY_UIApplicationSceneManifest_Generation = YES;
				INFOPLIST_KEY_UIApplicationSupportsIndirectInputEvents = YES;
				INFOPLIST_KEY_UILaunchScreen_Generation = YES;
				INFOPLIST_KEY_UISupportedInterfaceOrientations_iPad = "UIInterfaceOrientationPortrait UIInterfaceOrientationPortraitUpsideDown UIInterfaceOrientationLandscapeLeft UIInterfaceOrientationLandscapeRight";
				INFOPLIST_KEY_UISupportedInterfaceOrientations_iPhone = "UIInterfaceOrientationPortrait UIInterfaceOrientationLandscapeLeft UIInterfaceOrientationLandscapeRight";
				LD_RUNPATH_SEARCH_PATHS = (
					"$(inherited)",
					"@executable_path/Frameworks",
				);
				MARKETING_VERSION = 1.0;
				PRODUCT_BUNDLE_IDENTIFIER = amdreier.Cataloger;
				PRODUCT_NAME = "$(TARGET_NAME)";
				SWIFT_EMIT_LOC_STRINGS = YES;
				SWIFT_VERSION = 5.0;
				TARGETED_DEVICE_FAMILY = "1,2";
			};
			name = Debug;
		};
		FA8FE2C42A5A4820005824D6 /* Release */ = {
			isa = XCBuildConfiguration;
			buildSettings = {
				ASSETCATALOG_COMPILER_APPICON_NAME = AppIcon;
				ASSETCATALOG_COMPILER_GLOBAL_ACCENT_COLOR_NAME = AccentColor;
				CODE_SIGN_STYLE = Automatic;
				CURRENT_PROJECT_VERSION = 1;
				DEVELOPMENT_ASSET_PATHS = "\"Cataloger/Preview Content\"";
				DEVELOPMENT_TEAM = 2PAXP94GA7;
				ENABLE_PREVIEWS = YES;
				GENERATE_INFOPLIST_FILE = YES;
				INFOPLIST_KEY_UIApplicationSceneManifest_Generation = YES;
				INFOPLIST_KEY_UIApplicationSupportsIndirectInputEvents = YES;
				INFOPLIST_KEY_UILaunchScreen_Generation = YES;
				INFOPLIST_KEY_UISupportedInterfaceOrientations_iPad = "UIInterfaceOrientationPortrait UIInterfaceOrientationPortraitUpsideDown UIInterfaceOrientationLandscapeLeft UIInterfaceOrientationLandscapeRight";
				INFOPLIST_KEY_UISupportedInterfaceOrientations_iPhone = "UIInterfaceOrientationPortrait UIInterfaceOrientationLandscapeLeft UIInterfaceOrientationLandscapeRight";
				LD_RUNPATH_SEARCH_PATHS = (
					"$(inherited)",
					"@executable_path/Frameworks",
				);
				MARKETING_VERSION = 1.0;
				PRODUCT_BUNDLE_IDENTIFIER = amdreier.Cataloger;
				PRODUCT_NAME = "$(TARGET_NAME)";
				SWIFT_EMIT_LOC_STRINGS = YES;
				SWIFT_VERSION = 5.0;
				TARGETED_DEVICE_FAMILY = "1,2";
			};
			name = Release;
		};
		FA8FE2C62A5A4820005824D6 /* Debug */ = {
			isa = XCBuildConfiguration;
			buildSettings = {
				ALWAYS_EMBED_SWIFT_STANDARD_LIBRARIES = YES;
				BUNDLE_LOADER = "$(TEST_HOST)";
				CODE_SIGN_STYLE = Automatic;
				CURRENT_PROJECT_VERSION = 1;
				DEVELOPMENT_TEAM = 2PAXP94GA7;
				GENERATE_INFOPLIST_FILE = YES;
				IPHONEOS_DEPLOYMENT_TARGET = 16.2;
				MARKETING_VERSION = 1.0;
				PRODUCT_BUNDLE_IDENTIFIER = amdreier.CatalogerTests;
				PRODUCT_NAME = "$(TARGET_NAME)";
				SWIFT_EMIT_LOC_STRINGS = NO;
				SWIFT_VERSION = 5.0;
				TARGETED_DEVICE_FAMILY = "1,2";
				TEST_HOST = "$(BUCatalogerLT_PRODUCTS_DCatalogerR)/Cataloger.app/$(BUNDLE_EXECUTABLE_FOLDER_PATH)/Cataloger";
			};
			name = Debug;
		};
		FA8FE2C72A5A4820005824D6 /* Release */ = {
			isa = XCBuildConfiguration;
			buildSettings = {
				ALWAYS_EMBED_SWIFT_STANDARD_LIBRARIES = YES;
				BUNDLE_LOADER = "$(TEST_HOST)";
				CODE_SIGN_STYLE = Automatic;
				CURRENT_PROJECT_VERSION = 1;
				DEVELOPMENT_TEAM = 2PAXP94GA7;
				GENERATE_INFOPLIST_FILE = YES;
				IPHONEOS_DEPLOYMENT_TARGET = 16.2;
				MARKETING_VERSION = 1.0;
				PRODUCT_BUNDLE_IDENTIFIER = amdreier.CatalogerTests;
				PRODUCT_NAME = "$(TARGET_NAME)";
				SWIFT_EMIT_LOC_STRINGS = NO;
				SWIFT_VERSION = 5.0;
				TARGETED_DEVICE_FAMILY = "1,2";
				TEST_HOST = "$(BUCatalogerLT_PRODUCTS_DCatalogerR)/Cataloger.app/$(BUNDLE_EXECUTABLE_FOLDER_PATH)/Cataloger";
			};
			name = Release;
		};
		FA8FE2C92A5A4820005824D6 /* Debug */ = {
			isa = XCBuildConfiguration;
			buildSettings = {
				ALWAYS_EMBED_SWIFT_STANDARD_LIBRARIES = YES;
				CODE_SIGN_STYLE = Automatic;
				CURRENT_PROJECT_VERSION = 1;
				DEVELOPMENT_TEAM = 2PAXP94GA7;
				GENERATE_INFOPLIST_FILE = YES;
				MARKETING_VERSION = 1.0;
				PRODUCT_BUNDLE_IDENTIFIER = amdreier.CatalogerUITests;
				PRODUCT_NAME = "$(TARGET_NAME)";
				SWIFT_EMIT_LOC_STRINGS = NO;
				SWIFT_VERSION = 5.0;
				TARGETED_DEVICE_FAMILY = "1,2";
				TEST_TARGET_NAME = Cataloger;
			};
			name = Debug;
		};
		FA8FE2CA2A5A4820005824D6 /* Release */ = {
			isa = XCBuildConfiguration;
			buildSettings = {
				ALWAYS_EMBED_SWIFT_STANDARD_LIBRARIES = YES;
				CODE_SIGN_STYLE = Automatic;
				CURRENT_PROJECT_VERSION = 1;
				DEVELOPMENT_TEAM = 2PAXP94GA7;
				GENERATE_INFOPLIST_FILE = YES;
				MARKETING_VERSION = 1.0;
				PRODUCT_BUNDLE_IDENTIFIER = amdreier.CatalogerUITests;
				PRODUCT_NAME = "$(TARGET_NAME)";
				SWIFT_EMIT_LOC_STRINGS = NO;
				SWIFT_VERSION = 5.0;
				TARGETED_DEVICE_FAMILY = "1,2";
				TEST_TARGET_NAME = Cataloger;
			};
			name = Release;
		};
/* End XCBuildConfiguration section */

/* Begin XCConfigurationList section */
		FA8FE2932A5A481C005824D6 /* Build configuration list for PBXProject "Cataloger" */ = {
			isa = XCConfigurationList;
			buildConfigurations = (
				FA8FE2C02A5A4820005824D6 /* Debug */,
				FA8FE2C12A5A4820005824D6 /* Release */,
			);
			defaultConfigurationIsVisible = 0;
			defaultConfigurationName = Release;
		};
		FA8FE2C22A5A4820005824D6 /* Build configuration list for PBXNativeTarget "Cataloger" */ = {
			isa = XCConfigurationList;
			buildConfigurations = (
				FA8FE2C32A5A4820005824D6 /* Debug */,
				FA8FE2C42A5A4820005824D6 /* Release */,
			);
			defaultConfigurationIsVisible = 0;
			defaultConfigurationName = Release;
		};
		FA8FE2C52A5A4820005824D6 /* Build configuration list for PBXNativeTarget "CatalogerTests" */ = {
			isa = XCConfigurationList;
			buildConfigurations = (
				FA8FE2C62A5A4820005824D6 /* Debug */,
				FA8FE2C72A5A4820005824D6 /* Release */,
			);
			defaultConfigurationIsVisible = 0;
			defaultConfigurationName = Release;
		};
		FA8FE2C82A5A4820005824D6 /* Build configuration list for PBXNativeTarget "CatalogerUCatalogerTests" */ = {
			isa = XCConfigurationList;
			buildConfigurations = (
				FA8FE2C92A5A4820005824D6 /* Debug */,
				FA8FE2CA2A5A4820005824D6 /* Release */,
			);
			defaultConfigurationIsVisible = 0;
			defaultConfigurationName = Release;
		};
/* End XCConfigurationList section */

/* Begin XCVersionGroup section */
		FA8FE2A62A5A481F005824D6 /* Cataloger.xcdatamodeld */ = {
			isa = XCVersionGroup;
			children = (
				FA8FE2A72A5A481F005824D6 /* Cataloger.xcdatamodel */,
			);
			currentVersion = FA8FE2A72A5A481F005824D6 /* Cataloger.xcdatamodel */;
			path = Cataloger.xcdatamodeld;
			sourceTree = "<group>";
			versionGroupType = wrapper.xcdatamodel;
		};
/* End XCVersionGroup section */
	};
	rootObject = FA8FE2902A5A481C005824D6 /* Project object */;
}
